<?xml version="1.0" encoding="utf-8"?>
<Project ToolsVersion="4.0" xmlns="http://schemas.microsoft.com/developer/msbuild/2003">
  <ItemGroup>
    <Filter Include="Header Files">
      <UniqueIdentifier>{e850f24d-093f-4c30-a99c-413a7dfa71b8}</UniqueIdentifier>
    </Filter>
    <Filter Include="Resource Files">
      <UniqueIdentifier>{f18cd969-acc3-480c-9147-ea3ae1c8ba92}</UniqueIdentifier>
    </Filter>
    <Filter Include="Source Files">
      <UniqueIdentifier>{bdd0568e-d423-4fcc-affe-6ba0c2a40f78}</UniqueIdentifier>
    </Filter>
  </ItemGroup>
  <ItemGroup>
    <None Include="libgmpxx.def">
      <Filter>Resource Files</Filter>
    </None>
  </ItemGroup>
  <ItemGroup>
    <ClInclude Include="..\gmp-impl.h">
      <Filter>Header Files</Filter>
    </ClInclude>
    <ClInclude Include="..\longlong.h">
      <Filter>Header Files</Filter>
    </ClInclude>
    <ClInclude Include="..\gmpxx.h">
      <Filter>Header Files</Filter>
    </ClInclude>
  </ItemGroup>
  <ItemGroup>
    <ClCompile Include="..\assert.c">
      <Filter>Source Files</Filter>
    </ClCompile>
    <ClCompile Include="..\compat.c">
      <Filter>Source Files</Filter>
    </ClCompile>
    <ClCompile Include="..\errno.c">
      <Filter>Source Files</Filter>
    </ClCompile>
    <ClCompile Include="..\extract-dbl.c">
      <Filter>Source Files</Filter>
    </ClCompile>
    <ClCompile Include="..\invalid.c">
      <Filter>Source Files</Filter>
    </ClCompile>
    <ClCompile Include="..\memory.c">
      <Filter>Source Files</Filter>
    </ClCompile>
    <ClCompile Include="..\mp_bpl.c">
      <Filter>Source Files</Filter>
    </ClCompile>
    <ClCompile Include="..\mp_clz_tab.c">
      <Filter>Source Files</Filter>
    </ClCompile>
    <ClCompile Include="..\mp_dv_tab.c">
      <Filter>Source Files</Filter>
    </ClCompile>
    <ClCompile Include="..\mp_get_fns.c">
      <Filter>Source Files</Filter>
    </ClCompile>
    <ClCompile Include="..\mp_minv_tab.c">
      <Filter>Source Files</Filter>
    </ClCompile>
    <ClCompile Include="..\mp_set_fns.c">
      <Filter>Source Files</Filter>
    </ClCompile>
    <ClCompile Include="..\nextprime.c">
      <Filter>Source Files</Filter>
    </ClCompile>
    <ClCompile Include="..\primesieve.c">
      <Filter>Source Files</Filter>
    </ClCompile>
    <ClCompile Include="..\version.c">
      <Filter>Source Files</Filter>
    </ClCompile>
    <ClCompile Include="..\cxx\dummy.cc" />
  </ItemGroup>
</Project>